
Microsoft Visual Studio Solution File, Format Version 12.00
# Visual Studio 14
VisualStudioVersion = 14.0.25420.1
MinimumVisualStudioVersion = 10.0.40219.1
Project("{FAE04EC0-301F-11D3-BF4B-00C04F79EFBC}") = "ScadaServerSvc", "ScadaServerSvc\ScadaServerSvc.csproj", "{0A78F5C9-9B51-477C-8FA1-523F0CEB6811}"
EndProject
Project("{FAE04EC0-301F-11D3-BF4B-00C04F79EFBC}") = "ScadaServerSvcConsoleTest", "ScadaServerSvcConsoleTest\ScadaServerSvcConsoleTest.csproj", "{6DF2E619-0E67-4717-956F-513A460341D3}"
EndProject
Project("{FAE04EC0-301F-11D3-BF4B-00C04F79EFBC}") = "ScadaServerCommon", "ScadaServerCommon\ScadaServerCommon.csproj", "{9B52B5C2-59DE-475C-B11B-9A70466CFE7F}"
EndProject
Project("{FAE04EC0-301F-11D3-BF4B-00C04F79EFBC}") = "Log", "..\Log\Log.csproj", "{C9C94435-A626-4B3B-BB28-CCD0230030EE}"
EndProject
Global
	GlobalSection(SolutionConfigurationPlatforms) = preSolution
		Debug|Any CPU = Debug|Any CPU
		Release|Any CPU = Release|Any CPU
	EndGlobalSection
	GlobalSection(ProjectConfigurationPlatforms) = postSolution
		{0A78F5C9-9B51-477C-8FA1-523F0CEB6811}.Debug|Any CPU.ActiveCfg = Debug|Any CPU
		{0A78F5C9-9B51-477C-8FA1-523F0CEB6811}.Debug|Any CPU.Build.0 = Debug|Any CPU
		{0A78F5C9-9B51-477C-8FA1-523F0CEB6811}.Release|Any CPU.ActiveCfg = Release|Any CPU
		{0A78F5C9-9B51-477C-8FA1-523F0CEB6811}.Release|Any CPU.Build.0 = Release|Any CPU
		{6DF2E619-0E67-4717-956F-513A460341D3}.Debug|Any CPU.ActiveCfg = Debug|Any CPU
		{6DF2E619-0E67-4717-956F-513A460341D3}.Debug|Any CPU.Build.0 = Debug|Any CPU
		{6DF2E619-0E67-4717-956F-513A460341D3}.Release|Any CPU.ActiveCfg = Release|Any CPU
		{6DF2E619-0E67-4717-956F-513A460341D3}.Release|Any CPU.Build.0 = Release|Any CPU
		{9B52B5C2-59DE-475C-B11B-9A70466CFE7F}.Debug|Any CPU.ActiveCfg = Debug|Any CPU
		{9B52B5C2-59DE-475C-B11B-9A70466CFE7F}.Debug|Any CPU.Build.0 = Debug|Any CPU
		{9B52B5C2-59DE-475C-B11B-9A70466CFE7F}.Release|Any CPU.ActiveCfg = Release|Any CPU
		{9B52B5C2-59DE-475C-B11B-9A70466CFE7F}.Release|Any CPU.Build.0 = Release|Any CPU
		{C9C94435-A626-4B3B-BB28-CCD0230030EE}.Debug|Any CPU.ActiveCfg = Debug|Any CPU
		{C9C94435-A626-4B3B-BB28-CCD0230030EE}.Debug|Any CPU.Build.0 = Debug|Any CPU
		{C9C94435-A626-4B3B-BB28-CCD0230030EE}.Release|Any CPU.ActiveCfg = Release|Any CPU
		{C9C94435-A626-4B3B-BB28-CCD0230030EE}.Release|Any CPU.Build.0 = Release|Any CPU
	EndGlobalSection
	GlobalSection(SolutionProperties) = preSolution
		HideSolutionNode = FALSE
	EndGlobalSection
EndGlobal
